{
  "name": "@wingconsole/error-message",
  "version": "0.0.0",
  "lockfileVersion": 3,
  "requires": true,
  "packages": {
    "": {
      "name": "@wingconsole/error-message",
      "version": "0.0.0",
      "devDependencies": {
        "@wingconsole/eslint-plugin": "file:../../tools/eslint-plugin",
        "@wingconsole/tsconfig": "file:../../tools/tsconfig",
        "typescript": "^5.1.3"
      }
    },
    "../../tools/eslint-plugin": {
      "name": "@wingconsole/eslint-plugin",
      "version": "0.0.0",
      "dev": true,
      "dependencies": {
        "@cloudy-ts/eslint-plugin": "^0.0.260",
        "@typescript-eslint/eslint-plugin": "^5.59.11",
        "@typescript-eslint/parser": "^5.59.11",
        "eslint-config-prettier": "^8.8.0",
        "eslint-import-resolver-node": "^0.3.7",
        "eslint-import-resolver-typescript": "^3.5.5",
        "eslint-plugin-import": "^2.27.5",
        "eslint-plugin-jsx-a11y": "^6.7.1",
        "eslint-plugin-prettier": "^4.2.1",
        "eslint-plugin-react": "^7.32.2",
        "eslint-plugin-react-hooks": "^4.6.0",
        "eslint-plugin-unicorn": "^47.0.0"
      },
      "devDependencies": {
        "eslint": "^8.42.0",
        "prettier": "^2.8.8",
        "typescript": "^5.1.3"
      },
      "peerDependencies": {
        "eslint": "^8.26.0",
        "prettier": "^2.7.1",
        "typescript": "^4.9.4"
      }
    },
    "../../tools/tsconfig": {
      "name": "@wingconsole/tsconfig",
      "version": "0.0.0",
      "dev": true,
      "devDependencies": {
        "typescript": "^5.1.3"
      },
      "peerDependencies": {
        "typescript": "^4.9.4"
      }
    },
    "node_modules/@wingconsole/eslint-plugin": {
      "resolved": "../../tools/eslint-plugin",
      "link": true
    },
    "node_modules/@wingconsole/tsconfig": {
      "resolved": "../../tools/tsconfig",
      "link": true
    },
    "node_modules/typescript": {
      "version": "5.1.3",
      "resolved": "https://registry.npmjs.org/typescript/-/typescript-5.1.3.tgz",
      "integrity": "sha512-XH627E9vkeqhlZFQuL+UsyAXEnibT0kWR2FWONlr4sTjvxyJYnyefgrkyECLzM5NenmKzRAy2rR/OlYLA1HkZw==",
      "dev": true,
      "bin": {
        "tsc": "bin/tsc",
        "tsserver": "bin/tsserver"
      },
      "engines": {
        "node": ">=14.17"
      }
    }
  }
}
