{
  "name": "@monadahq/wing",
  "version": "0.1.0",
  "lockfileVersion": 2,
  "requires": true,
  "packages": {
    "": {
      "name": "@monadahq/wing",
      "version": "0.1.0",
      "bundleDependencies": [
        "@monadahq/wingsdk"
      ],
      "dependencies": {
        "@monadahq/wingsdk": "*"
      },
      "bin": {
        "wing": "index.js"
      },
      "engines": {
        "node": ">=12"
      },
      "optionalDependencies": {
        "@monadahq/wing-darwin-arm64": "*",
        "@monadahq/wing-darwin-x64": "*",
        "@monadahq/wing-linux-ia32": "*",
        "@monadahq/wing-linux-x64": "*"
      }
    },
    "node_modules/@cdktf/provider-aws": {
      "version": "9.0.10",
      "inBundle": true,
      "license": "MPL-2.0",
      "engines": {
        "node": ">= 14.17.0"
      },
      "peerDependencies": {
        "cdktf": "^0.12.0",
        "constructs": "^10.0.0"
      }
    },
    "node_modules/@monadahq/wing-darwin-arm64": {
      "version": "1.0.0-dev.12805004625",
      "resolved": "https://npm.pkg.github.com/download/@monadahq/wing-darwin-arm64/1.0.0-dev.12805004625/0b78034dbef373af74023d19dd7fb8877a132063fea562fabbd283cde8642338",
      "integrity": "sha512-Iw34OMA2aAme97NA8T5Vdein9k23HtGpzE+wThA+XiYHjMCD8sk8AwuJpTMp35nsQzgGaeMOqDR1vxzRlfkwOg==",
      "optional": true,
      "bin": {
        "wing-darwin-arm64": "index.js"
      }
    },
    "node_modules/@monadahq/wing-darwin-x64": {
      "version": "1.0.0-dev.12805004625",
      "resolved": "https://npm.pkg.github.com/download/@monadahq/wing-darwin-x64/1.0.0-dev.12805004625/40f0a8c51ffaba9b071da3ef2e28ebeb089a4ebc6809b1480c7cef9ca3a4db46",
      "integrity": "sha512-PxfwKdLSy/J1oIFqdoyBaOVA24Tc/0y3m2JpploFeuPnhXIO78kc6pdoDKwc6W9dSiFi1E5BiqmBNFLB6+DnCw==",
      "optional": true,
      "bin": {
        "wing-darwin-x64": "index.js"
      }
    },
    "node_modules/@monadahq/wing-linux-ia32": {
      "version": "1.0.0-dev.12805004625",
      "resolved": "https://npm.pkg.github.com/download/@monadahq/wing-linux-ia32/1.0.0-dev.12805004625/84164731e10ad0641bf2d126ed00616da5110dfd865c00b7d21117917a529f78",
      "integrity": "sha512-W27G71RK8l42yq9Z+vr2+KJyhuByV09qFgZHJqYXVMLQqVgqIO8oS3fu/C/CwuDzCBWNX1oIG+QcNwieaSn1eA==",
      "optional": true,
      "bin": {
        "wing-linux-ia32": "index.js"
      }
    },
    "node_modules/@monadahq/wing-linux-x64": {
      "version": "1.0.0-dev.12805004625",
      "resolved": "https://npm.pkg.github.com/download/@monadahq/wing-linux-x64/1.0.0-dev.12805004625/6e58d0cf60c112477cc85abc3268e4aa238edc3b3ebb4713e0dff1bb9fe72eb5",
      "integrity": "sha512-8/QGqPAEKkAyNMk/u0PGpjeJ6P9TFLdeedJaBjkmEVh7X0/iX/cp9tN3VWOkqf7eqcCuqG2I39DP2YCWKsy24A==",
      "optional": true,
      "bin": {
        "wing-linux-x64": "index.js"
      }
    },
    "node_modules/@monadahq/wingsdk": {
      "version": "0.0.30",
      "bundleDependencies": [
        "esbuild"
      ],
      "inBundle": true,
      "license": "Apache-2.0",
      "dependencies": {
        "@cdktf/provider-aws": "^9.0.10",
        "cdktf": "^0.12.0",
        "esbuild": "0.14.31"
      },
      "peerDependencies": {
        "constructs": "^10.0.25"
      }
    },
    "node_modules/@monadahq/wingsdk/node_modules/esbuild": {
      "version": "0.14.31",
      "hasInstallScript": true,
      "inBundle": true,
      "license": "MIT",
      "bin": {
        "esbuild": "bin/esbuild"
      },
      "engines": {
        "node": ">=12"
      },
      "optionalDependencies": {
        "esbuild-android-64": "0.14.31",
        "esbuild-android-arm64": "0.14.31",
        "esbuild-darwin-64": "0.14.31",
        "esbuild-darwin-arm64": "0.14.31",
        "esbuild-freebsd-64": "0.14.31",
        "esbuild-freebsd-arm64": "0.14.31",
        "esbuild-linux-32": "0.14.31",
        "esbuild-linux-64": "0.14.31",
        "esbuild-linux-arm": "0.14.31",
        "esbuild-linux-arm64": "0.14.31",
        "esbuild-linux-mips64le": "0.14.31",
        "esbuild-linux-ppc64le": "0.14.31",
        "esbuild-linux-riscv64": "0.14.31",
        "esbuild-linux-s390x": "0.14.31",
        "esbuild-netbsd-64": "0.14.31",
        "esbuild-openbsd-64": "0.14.31",
        "esbuild-sunos-64": "0.14.31",
        "esbuild-windows-32": "0.14.31",
        "esbuild-windows-64": "0.14.31",
        "esbuild-windows-arm64": "0.14.31"
      }
    },
    "node_modules/@monadahq/wingsdk/node_modules/esbuild-linux-64": {
      "version": "0.14.31",
      "cpu": [
        "x64"
      ],
      "inBundle": true,
      "license": "MIT",
      "optional": true,
      "os": [
        "linux"
      ],
      "engines": {
        "node": ">=12"
      }
    },
    "node_modules/cdktf": {
      "version": "0.12.0",
      "bundleDependencies": [
        "archiver",
        "json-stable-stringify"
      ],
      "inBundle": true,
      "license": "MPL-2.0",
      "dependencies": {
        "archiver": "5.3.1",
        "json-stable-stringify": "^1.0.1"
      },
      "peerDependencies": {
        "constructs": "^10.0.25"
      }
    },
    "node_modules/cdktf/node_modules/archiver": {
      "version": "5.3.1",
      "inBundle": true,
      "license": "MIT",
      "dependencies": {
        "archiver-utils": "^2.1.0",
        "async": "^3.2.3",
        "buffer-crc32": "^0.2.1",
        "readable-stream": "^3.6.0",
        "readdir-glob": "^1.0.0",
        "tar-stream": "^2.2.0",
        "zip-stream": "^4.1.0"
      },
      "engines": {
        "node": ">= 10"
      }
    },
    "node_modules/cdktf/node_modules/archiver-utils": {
      "version": "2.1.0",
      "inBundle": true,
      "license": "MIT",
      "dependencies": {
        "glob": "^7.1.4",
        "graceful-fs": "^4.2.0",
        "lazystream": "^1.0.0",
        "lodash.defaults": "^4.2.0",
        "lodash.difference": "^4.5.0",
        "lodash.flatten": "^4.4.0",
        "lodash.isplainobject": "^4.0.6",
        "lodash.union": "^4.6.0",
        "normalize-path": "^3.0.0",
        "readable-stream": "^2.0.0"
      },
      "engines": {
        "node": ">= 6"
      }
    },
    "node_modules/cdktf/node_modules/archiver-utils/node_modules/readable-stream": {
      "version": "2.3.7",
      "inBundle": true,
      "license": "MIT",
      "dependencies": {
        "core-util-is": "~1.0.0",
        "inherits": "~2.0.3",
        "isarray": "~1.0.0",
        "process-nextick-args": "~2.0.0",
        "safe-buffer": "~5.1.1",
        "string_decoder": "~1.1.1",
        "util-deprecate": "~1.0.1"
      }
    },
    "node_modules/cdktf/node_modules/archiver-utils/node_modules/string_decoder": {
      "version": "1.1.1",
      "inBundle": true,
      "license": "MIT",
      "dependencies": {
        "safe-buffer": "~5.1.0"
      }
    },
    "node_modules/cdktf/node_modules/async": {
      "version": "3.2.4",
      "inBundle": true,
      "license": "MIT"
    },
    "node_modules/cdktf/node_modules/balanced-match": {
      "version": "1.0.2",
      "inBundle": true,
      "license": "MIT"
    },
    "node_modules/cdktf/node_modules/base64-js": {
      "version": "1.5.1",
      "funding": [
        {
          "type": "github",
          "url": "https://github.com/sponsors/feross"
        },
        {
          "type": "patreon",
          "url": "https://www.patreon.com/feross"
        },
        {
          "type": "consulting",
          "url": "https://feross.org/support"
        }
      ],
      "inBundle": true,
      "license": "MIT"
    },
    "node_modules/cdktf/node_modules/bl": {
      "version": "4.1.0",
      "inBundle": true,
      "license": "MIT",
      "dependencies": {
        "buffer": "^5.5.0",
        "inherits": "^2.0.4",
        "readable-stream": "^3.4.0"
      }
    },
    "node_modules/cdktf/node_modules/brace-expansion": {
      "version": "2.0.1",
      "inBundle": true,
      "license": "MIT",
      "dependencies": {
        "balanced-match": "^1.0.0"
      }
    },
    "node_modules/cdktf/node_modules/buffer": {
      "version": "5.7.1",
      "funding": [
        {
          "type": "github",
          "url": "https://github.com/sponsors/feross"
        },
        {
          "type": "patreon",
          "url": "https://www.patreon.com/feross"
        },
        {
          "type": "consulting",
          "url": "https://feross.org/support"
        }
      ],
      "inBundle": true,
      "license": "MIT",
      "dependencies": {
        "base64-js": "^1.3.1",
        "ieee754": "^1.1.13"
      }
    },
    "node_modules/cdktf/node_modules/buffer-crc32": {
      "version": "0.2.13",
      "inBundle": true,
      "license": "MIT",
      "engines": {
        "node": "*"
      }
    },
    "node_modules/cdktf/node_modules/compress-commons": {
      "version": "4.1.1",
      "inBundle": true,
      "license": "MIT",
      "dependencies": {
        "buffer-crc32": "^0.2.13",
        "crc32-stream": "^4.0.2",
        "normalize-path": "^3.0.0",
        "readable-stream": "^3.6.0"
      },
      "engines": {
        "node": ">= 10"
      }
    },
    "node_modules/cdktf/node_modules/concat-map": {
      "version": "0.0.1",
      "inBundle": true,
      "license": "MIT"
    },
    "node_modules/cdktf/node_modules/core-util-is": {
      "version": "1.0.3",
      "inBundle": true,
      "license": "MIT"
    },
    "node_modules/cdktf/node_modules/crc-32": {
      "version": "1.2.2",
      "inBundle": true,
      "license": "Apache-2.0",
      "bin": {
        "crc32": "bin/crc32.njs"
      },
      "engines": {
        "node": ">=0.8"
      }
    },
    "node_modules/cdktf/node_modules/crc32-stream": {
      "version": "4.0.2",
      "inBundle": true,
      "license": "MIT",
      "dependencies": {
        "crc-32": "^1.2.0",
        "readable-stream": "^3.4.0"
      },
      "engines": {
        "node": ">= 10"
      }
    },
    "node_modules/cdktf/node_modules/end-of-stream": {
      "version": "1.4.4",
      "inBundle": true,
      "license": "MIT",
      "dependencies": {
        "once": "^1.4.0"
      }
    },
    "node_modules/cdktf/node_modules/fs-constants": {
      "version": "1.0.0",
      "inBundle": true,
      "license": "MIT"
    },
    "node_modules/cdktf/node_modules/fs.realpath": {
      "version": "1.0.0",
      "inBundle": true,
      "license": "ISC"
    },
    "node_modules/cdktf/node_modules/glob": {
      "version": "7.2.3",
      "inBundle": true,
      "license": "ISC",
      "dependencies": {
        "fs.realpath": "^1.0.0",
        "inflight": "^1.0.4",
        "inherits": "2",
        "minimatch": "^3.1.1",
        "once": "^1.3.0",
        "path-is-absolute": "^1.0.0"
      },
      "engines": {
        "node": "*"
      },
      "funding": {
        "url": "https://github.com/sponsors/isaacs"
      }
    },
    "node_modules/cdktf/node_modules/glob/node_modules/brace-expansion": {
      "version": "1.1.11",
      "inBundle": true,
      "license": "MIT",
      "dependencies": {
        "balanced-match": "^1.0.0",
        "concat-map": "0.0.1"
      }
    },
    "node_modules/cdktf/node_modules/glob/node_modules/minimatch": {
      "version": "3.1.2",
      "inBundle": true,
      "license": "ISC",
      "dependencies": {
        "brace-expansion": "^1.1.7"
      },
      "engines": {
        "node": "*"
      }
    },
    "node_modules/cdktf/node_modules/graceful-fs": {
      "version": "4.2.10",
      "inBundle": true,
      "license": "ISC"
    },
    "node_modules/cdktf/node_modules/ieee754": {
      "version": "1.2.1",
      "funding": [
        {
          "type": "github",
          "url": "https://github.com/sponsors/feross"
        },
        {
          "type": "patreon",
          "url": "https://www.patreon.com/feross"
        },
        {
          "type": "consulting",
          "url": "https://feross.org/support"
        }
      ],
      "inBundle": true,
      "license": "BSD-3-Clause"
    },
    "node_modules/cdktf/node_modules/inflight": {
      "version": "1.0.6",
      "inBundle": true,
      "license": "ISC",
      "dependencies": {
        "once": "^1.3.0",
        "wrappy": "1"
      }
    },
    "node_modules/cdktf/node_modules/inherits": {
      "version": "2.0.4",
      "inBundle": true,
      "license": "ISC"
    },
    "node_modules/cdktf/node_modules/isarray": {
      "version": "1.0.0",
      "inBundle": true,
      "license": "MIT"
    },
    "node_modules/cdktf/node_modules/json-stable-stringify": {
      "version": "1.0.1",
      "inBundle": true,
      "license": "MIT",
      "dependencies": {
        "jsonify": "~0.0.0"
      }
    },
    "node_modules/cdktf/node_modules/jsonify": {
      "version": "0.0.0",
      "inBundle": true,
      "license": "Public Domain"
    },
    "node_modules/cdktf/node_modules/lazystream": {
      "version": "1.0.1",
      "inBundle": true,
      "license": "MIT",
      "dependencies": {
        "readable-stream": "^2.0.5"
      },
      "engines": {
        "node": ">= 0.6.3"
      }
    },
    "node_modules/cdktf/node_modules/lazystream/node_modules/readable-stream": {
      "version": "2.3.7",
      "inBundle": true,
      "license": "MIT",
      "dependencies": {
        "core-util-is": "~1.0.0",
        "inherits": "~2.0.3",
        "isarray": "~1.0.0",
        "process-nextick-args": "~2.0.0",
        "safe-buffer": "~5.1.1",
        "string_decoder": "~1.1.1",
        "util-deprecate": "~1.0.1"
      }
    },
    "node_modules/cdktf/node_modules/lazystream/node_modules/string_decoder": {
      "version": "1.1.1",
      "inBundle": true,
      "license": "MIT",
      "dependencies": {
        "safe-buffer": "~5.1.0"
      }
    },
    "node_modules/cdktf/node_modules/lodash.defaults": {
      "version": "4.2.0",
      "inBundle": true,
      "license": "MIT"
    },
    "node_modules/cdktf/node_modules/lodash.difference": {
      "version": "4.5.0",
      "inBundle": true,
      "license": "MIT"
    },
    "node_modules/cdktf/node_modules/lodash.flatten": {
      "version": "4.4.0",
      "inBundle": true,
      "license": "MIT"
    },
    "node_modules/cdktf/node_modules/lodash.isplainobject": {
      "version": "4.0.6",
      "inBundle": true,
      "license": "MIT"
    },
    "node_modules/cdktf/node_modules/lodash.union": {
      "version": "4.6.0",
      "inBundle": true,
      "license": "MIT"
    },
    "node_modules/cdktf/node_modules/minimatch": {
      "version": "5.1.0",
      "inBundle": true,
      "license": "ISC",
      "dependencies": {
        "brace-expansion": "^2.0.1"
      },
      "engines": {
        "node": ">=10"
      }
    },
    "node_modules/cdktf/node_modules/normalize-path": {
      "version": "3.0.0",
      "inBundle": true,
      "license": "MIT",
      "engines": {
        "node": ">=0.10.0"
      }
    },
    "node_modules/cdktf/node_modules/once": {
      "version": "1.4.0",
      "inBundle": true,
      "license": "ISC",
      "dependencies": {
        "wrappy": "1"
      }
    },
    "node_modules/cdktf/node_modules/path-is-absolute": {
      "version": "1.0.1",
      "inBundle": true,
      "license": "MIT",
      "engines": {
        "node": ">=0.10.0"
      }
    },
    "node_modules/cdktf/node_modules/process-nextick-args": {
      "version": "2.0.1",
      "inBundle": true,
      "license": "MIT"
    },
    "node_modules/cdktf/node_modules/readable-stream": {
      "version": "3.6.0",
      "inBundle": true,
      "license": "MIT",
      "dependencies": {
        "inherits": "^2.0.3",
        "string_decoder": "^1.1.1",
        "util-deprecate": "^1.0.1"
      },
      "engines": {
        "node": ">= 6"
      }
    },
    "node_modules/cdktf/node_modules/readdir-glob": {
      "version": "1.1.2",
      "inBundle": true,
      "license": "Apache-2.0",
      "dependencies": {
        "minimatch": "^5.1.0"
      }
    },
    "node_modules/cdktf/node_modules/safe-buffer": {
      "version": "5.1.2",
      "inBundle": true,
      "license": "MIT"
    },
    "node_modules/cdktf/node_modules/string_decoder": {
      "version": "1.3.0",
      "inBundle": true,
      "license": "MIT",
      "dependencies": {
        "safe-buffer": "~5.2.0"
      }
    },
    "node_modules/cdktf/node_modules/string_decoder/node_modules/safe-buffer": {
      "version": "5.2.1",
      "funding": [
        {
          "type": "github",
          "url": "https://github.com/sponsors/feross"
        },
        {
          "type": "patreon",
          "url": "https://www.patreon.com/feross"
        },
        {
          "type": "consulting",
          "url": "https://feross.org/support"
        }
      ],
      "inBundle": true,
      "license": "MIT"
    },
    "node_modules/cdktf/node_modules/tar-stream": {
      "version": "2.2.0",
      "inBundle": true,
      "license": "MIT",
      "dependencies": {
        "bl": "^4.0.3",
        "end-of-stream": "^1.4.1",
        "fs-constants": "^1.0.0",
        "inherits": "^2.0.3",
        "readable-stream": "^3.1.1"
      },
      "engines": {
        "node": ">=6"
      }
    },
    "node_modules/cdktf/node_modules/util-deprecate": {
      "version": "1.0.2",
      "inBundle": true,
      "license": "MIT"
    },
    "node_modules/cdktf/node_modules/wrappy": {
      "version": "1.0.2",
      "inBundle": true,
      "license": "ISC"
    },
    "node_modules/cdktf/node_modules/zip-stream": {
      "version": "4.1.0",
      "inBundle": true,
      "license": "MIT",
      "dependencies": {
        "archiver-utils": "^2.1.0",
        "compress-commons": "^4.1.0",
        "readable-stream": "^3.6.0"
      },
      "engines": {
        "node": ">= 10"
      }
    },
    "node_modules/constructs": {
      "version": "10.1.69",
      "inBundle": true,
      "license": "Apache-2.0",
      "peer": true,
      "engines": {
        "node": ">= 14.17.0"
      }
    }
  },
  "dependencies": {
    "@cdktf/provider-aws": {
      "version": "9.0.10",
      "requires": {}
    },
    "@monadahq/wing-darwin-arm64": {
      "version": "1.0.0-dev.12805004625",
      "resolved": "https://npm.pkg.github.com/download/@monadahq/wing-darwin-arm64/1.0.0-dev.12805004625/0b78034dbef373af74023d19dd7fb8877a132063fea562fabbd283cde8642338",
      "integrity": "sha512-Iw34OMA2aAme97NA8T5Vdein9k23HtGpzE+wThA+XiYHjMCD8sk8AwuJpTMp35nsQzgGaeMOqDR1vxzRlfkwOg==",
      "optional": true
    },
    "@monadahq/wing-darwin-x64": {
      "version": "1.0.0-dev.12805004625",
      "resolved": "https://npm.pkg.github.com/download/@monadahq/wing-darwin-x64/1.0.0-dev.12805004625/40f0a8c51ffaba9b071da3ef2e28ebeb089a4ebc6809b1480c7cef9ca3a4db46",
      "integrity": "sha512-PxfwKdLSy/J1oIFqdoyBaOVA24Tc/0y3m2JpploFeuPnhXIO78kc6pdoDKwc6W9dSiFi1E5BiqmBNFLB6+DnCw==",
      "optional": true
    },
    "@monadahq/wing-linux-ia32": {
      "version": "1.0.0-dev.12805004625",
      "resolved": "https://npm.pkg.github.com/download/@monadahq/wing-linux-ia32/1.0.0-dev.12805004625/84164731e10ad0641bf2d126ed00616da5110dfd865c00b7d21117917a529f78",
      "integrity": "sha512-W27G71RK8l42yq9Z+vr2+KJyhuByV09qFgZHJqYXVMLQqVgqIO8oS3fu/C/CwuDzCBWNX1oIG+QcNwieaSn1eA==",
      "optional": true
    },
    "@monadahq/wing-linux-x64": {
      "version": "1.0.0-dev.12805004625",
      "resolved": "https://npm.pkg.github.com/download/@monadahq/wing-linux-x64/1.0.0-dev.12805004625/6e58d0cf60c112477cc85abc3268e4aa238edc3b3ebb4713e0dff1bb9fe72eb5",
      "integrity": "sha512-8/QGqPAEKkAyNMk/u0PGpjeJ6P9TFLdeedJaBjkmEVh7X0/iX/cp9tN3VWOkqf7eqcCuqG2I39DP2YCWKsy24A==",
      "optional": true
    },
    "@monadahq/wingsdk": {
      "version": "0.0.30",
      "requires": {
        "@cdktf/provider-aws": "^9.0.10",
        "cdktf": "^0.12.0",
        "esbuild": "0.14.31"
      },
      "dependencies": {
        "esbuild": {
          "version": "0.14.31",
          "requires": {
            "esbuild-android-64": "0.14.31",
            "esbuild-android-arm64": "0.14.31",
            "esbuild-darwin-64": "0.14.31",
            "esbuild-darwin-arm64": "0.14.31",
            "esbuild-freebsd-64": "0.14.31",
            "esbuild-freebsd-arm64": "0.14.31",
            "esbuild-linux-32": "0.14.31",
            "esbuild-linux-64": "0.14.31",
            "esbuild-linux-arm": "0.14.31",
            "esbuild-linux-arm64": "0.14.31",
            "esbuild-linux-mips64le": "0.14.31",
            "esbuild-linux-ppc64le": "0.14.31",
            "esbuild-linux-riscv64": "0.14.31",
            "esbuild-linux-s390x": "0.14.31",
            "esbuild-netbsd-64": "0.14.31",
            "esbuild-openbsd-64": "0.14.31",
            "esbuild-sunos-64": "0.14.31",
            "esbuild-windows-32": "0.14.31",
            "esbuild-windows-64": "0.14.31",
            "esbuild-windows-arm64": "0.14.31"
          }
        },
        "esbuild-linux-64": {
          "version": "0.14.31",
          "optional": true
        }
      }
    },
    "cdktf": {
      "version": "0.12.0",
      "requires": {
        "archiver": "5.3.1",
        "json-stable-stringify": "^1.0.1"
      },
      "dependencies": {
        "archiver": {
          "version": "5.3.1",
          "requires": {
            "archiver-utils": "^2.1.0",
            "async": "^3.2.3",
            "buffer-crc32": "^0.2.1",
            "readable-stream": "^3.6.0",
            "readdir-glob": "^1.0.0",
            "tar-stream": "^2.2.0",
            "zip-stream": "^4.1.0"
          }
        },
        "archiver-utils": {
          "version": "2.1.0",
          "requires": {
            "glob": "^7.1.4",
            "graceful-fs": "^4.2.0",
            "lazystream": "^1.0.0",
            "lodash.defaults": "^4.2.0",
            "lodash.difference": "^4.5.0",
            "lodash.flatten": "^4.4.0",
            "lodash.isplainobject": "^4.0.6",
            "lodash.union": "^4.6.0",
            "normalize-path": "^3.0.0",
            "readable-stream": "^2.0.0"
          },
          "dependencies": {
            "readable-stream": {
              "version": "2.3.7",
              "requires": {
                "core-util-is": "~1.0.0",
                "inherits": "~2.0.3",
                "isarray": "~1.0.0",
                "process-nextick-args": "~2.0.0",
                "safe-buffer": "~5.1.1",
                "string_decoder": "~1.1.1",
                "util-deprecate": "~1.0.1"
              }
            },
            "string_decoder": {
              "version": "1.1.1",
              "requires": {
                "safe-buffer": "~5.1.0"
              }
            }
          }
        },
        "async": {
          "version": "3.2.4"
        },
        "balanced-match": {
          "version": "1.0.2"
        },
        "base64-js": {
          "version": "1.5.1"
        },
        "bl": {
          "version": "4.1.0",
          "requires": {
            "buffer": "^5.5.0",
            "inherits": "^2.0.4",
            "readable-stream": "^3.4.0"
          }
        },
        "brace-expansion": {
          "version": "2.0.1",
          "requires": {
            "balanced-match": "^1.0.0"
          }
        },
        "buffer": {
          "version": "5.7.1",
          "requires": {
            "base64-js": "^1.3.1",
            "ieee754": "^1.1.13"
          }
        },
        "buffer-crc32": {
          "version": "0.2.13"
        },
        "compress-commons": {
          "version": "4.1.1",
          "requires": {
            "buffer-crc32": "^0.2.13",
            "crc32-stream": "^4.0.2",
            "normalize-path": "^3.0.0",
            "readable-stream": "^3.6.0"
          }
        },
        "concat-map": {
          "version": "0.0.1"
        },
        "core-util-is": {
          "version": "1.0.3"
        },
        "crc-32": {
          "version": "1.2.2"
        },
        "crc32-stream": {
          "version": "4.0.2",
          "requires": {
            "crc-32": "^1.2.0",
            "readable-stream": "^3.4.0"
          }
        },
        "end-of-stream": {
          "version": "1.4.4",
          "requires": {
            "once": "^1.4.0"
          }
        },
        "fs-constants": {
          "version": "1.0.0"
        },
        "fs.realpath": {
          "version": "1.0.0"
        },
        "glob": {
          "version": "7.2.3",
          "requires": {
            "fs.realpath": "^1.0.0",
            "inflight": "^1.0.4",
            "inherits": "2",
            "minimatch": "^3.1.1",
            "once": "^1.3.0",
            "path-is-absolute": "^1.0.0"
          },
          "dependencies": {
            "brace-expansion": {
              "version": "1.1.11",
              "requires": {
                "balanced-match": "^1.0.0",
                "concat-map": "0.0.1"
              }
            },
            "minimatch": {
              "version": "3.1.2",
              "requires": {
                "brace-expansion": "^1.1.7"
              }
            }
          }
        },
        "graceful-fs": {
          "version": "4.2.10"
        },
        "ieee754": {
          "version": "1.2.1"
        },
        "inflight": {
          "version": "1.0.6",
          "requires": {
            "once": "^1.3.0",
            "wrappy": "1"
          }
        },
        "inherits": {
          "version": "2.0.4"
        },
        "isarray": {
          "version": "1.0.0"
        },
        "json-stable-stringify": {
          "version": "1.0.1",
          "requires": {
            "jsonify": "~0.0.0"
          }
        },
        "jsonify": {
          "version": "0.0.0"
        },
        "lazystream": {
          "version": "1.0.1",
          "requires": {
            "readable-stream": "^2.0.5"
          },
          "dependencies": {
            "readable-stream": {
              "version": "2.3.7",
              "requires": {
                "core-util-is": "~1.0.0",
                "inherits": "~2.0.3",
                "isarray": "~1.0.0",
                "process-nextick-args": "~2.0.0",
                "safe-buffer": "~5.1.1",
                "string_decoder": "~1.1.1",
                "util-deprecate": "~1.0.1"
              }
            },
            "string_decoder": {
              "version": "1.1.1",
              "requires": {
                "safe-buffer": "~5.1.0"
              }
            }
          }
        },
        "lodash.defaults": {
          "version": "4.2.0"
        },
        "lodash.difference": {
          "version": "4.5.0"
        },
        "lodash.flatten": {
          "version": "4.4.0"
        },
        "lodash.isplainobject": {
          "version": "4.0.6"
        },
        "lodash.union": {
          "version": "4.6.0"
        },
        "minimatch": {
          "version": "5.1.0",
          "requires": {
            "brace-expansion": "^2.0.1"
          }
        },
        "normalize-path": {
          "version": "3.0.0"
        },
        "once": {
          "version": "1.4.0",
          "requires": {
            "wrappy": "1"
          }
        },
        "path-is-absolute": {
          "version": "1.0.1"
        },
        "process-nextick-args": {
          "version": "2.0.1"
        },
        "readable-stream": {
          "version": "3.6.0",
          "requires": {
            "inherits": "^2.0.3",
            "string_decoder": "^1.1.1",
            "util-deprecate": "^1.0.1"
          }
        },
        "readdir-glob": {
          "version": "1.1.2",
          "requires": {
            "minimatch": "^5.1.0"
          }
        },
        "safe-buffer": {
          "version": "5.1.2"
        },
        "string_decoder": {
          "version": "1.3.0",
          "requires": {
            "safe-buffer": "~5.2.0"
          },
          "dependencies": {
            "safe-buffer": {
              "version": "5.2.1"
            }
          }
        },
        "tar-stream": {
          "version": "2.2.0",
          "requires": {
            "bl": "^4.0.3",
            "end-of-stream": "^1.4.1",
            "fs-constants": "^1.0.0",
            "inherits": "^2.0.3",
            "readable-stream": "^3.1.1"
          }
        },
        "util-deprecate": {
          "version": "1.0.2"
        },
        "wrappy": {
          "version": "1.0.2"
        },
        "zip-stream": {
          "version": "4.1.0",
          "requires": {
            "archiver-utils": "^2.1.0",
            "compress-commons": "^4.1.0",
            "readable-stream": "^3.6.0"
          }
        }
      }
    },
    "constructs": {
      "version": "10.1.69",
      "peer": true
    }
  }
}
