{
  "name": "invalid",
  "lockfileVersion": 2,
  "requires": true,
  "packages": {
    "": {
      "dependencies": {
        "jsii-code-samples": "1.7.0"
      }
    },
    "node_modules/jsii-code-samples": {
      "version": "1.7.0",
      "resolved": "https://registry.npmjs.org/jsii-code-samples/-/jsii-code-samples-1.7.0.tgz",
      "integrity": "sha512-op3y4UUzd6J6lfjV+UP/hhEQIPUtpsLNtMRXLO1v5X7hbJ8N76gdO6UHu7RqyCElRjUaNqtGug0pkQBC5sDepg=="
    }
  },
  "dependencies": {
    "jsii-code-samples": {
      "version": "1.7.0",
      "resolved": "https://registry.npmjs.org/jsii-code-samples/-/jsii-code-samples-1.7.0.tgz",
      "integrity": "sha512-op3y4UUzd6J6lfjV+UP/hhEQIPUtpsLNtMRXLO1v5X7hbJ8N76gdO6UHu7RqyCElRjUaNqtGug0pkQBC5sDepg=="
    }
  }
}
