{
  "name": "wing-preflight",
  "lockfileVersion": 2,
  "requires": true,
  "packages": {
    "": {
      "name": "wing-preflight",
      "dependencies": {
        "@monadahq/wingsdk": "^0.0.6"
      }
    },
    "node_modules/@monadahq/wingsdk": {
      "version": "0.0.6",
      "resolved": "https://npm.pkg.github.com/download/@monadahq/wingsdk/0.0.6/62fee79230a139698b714cda874d6d43896bb529b8e73550f10dbe9295ea7df3",
      "integrity": "sha512-8OHRfMaQl6IcfG7B9CzYkVdhj85vW2TcDrIU1C1I3OSybMX/5l7kzIItoMzYzkmukl4ZWF6w2gRt+qsWRp6iDg==",
      "license": "Apache-2.0",
      "peerDependencies": {
        "constructs": "^10"
      }
    },
    "node_modules/constructs": {
      "version": "10.1.43",
      "resolved": "https://registry.npmjs.org/constructs/-/constructs-10.1.43.tgz",
      "integrity": "sha512-I7CEsYPmcsTpmf+tT3DZq5klCzk2d0Gb6X67P5XxYq0an4+JiWrf8/LCIHV3xqOhnGLAbM/aGZ3bigUNTWeliA==",
      "peer": true,
      "engines": {
        "node": ">= 14.17.0"
      }
    }
  },
  "dependencies": {
    "@monadahq/wingsdk": {
      "version": "0.0.6",
      "resolved": "https://npm.pkg.github.com/download/@monadahq/wingsdk/0.0.6/62fee79230a139698b714cda874d6d43896bb529b8e73550f10dbe9295ea7df3",
      "integrity": "sha512-8OHRfMaQl6IcfG7B9CzYkVdhj85vW2TcDrIU1C1I3OSybMX/5l7kzIItoMzYzkmukl4ZWF6w2gRt+qsWRp6iDg==",
      "requires": {}
    },
    "constructs": {
      "version": "10.1.43",
      "resolved": "https://registry.npmjs.org/constructs/-/constructs-10.1.43.tgz",
      "integrity": "sha512-I7CEsYPmcsTpmf+tT3DZq5klCzk2d0Gb6X67P5XxYq0an4+JiWrf8/LCIHV3xqOhnGLAbM/aGZ3bigUNTWeliA==",
      "peer": true
    }
  }
}
