{
  "name": "wing-preflight",
  "lockfileVersion": 2,
  "requires": true,
  "packages": {
    "": {
      "name": "wing-preflight",
      "dependencies": {
        "@monadahq/wingsdk": "^0.0.5"
      }
    },
    "node_modules/@monadahq/wingsdk": {
      "version": "0.0.5",
      "resolved": "https://npm.pkg.github.com/download/@monadahq/wingsdk/0.0.5/50de9a8b1e09662492c0734fce4771385aa764ec04fd6e8e0dc57d17f4681359",
      "integrity": "sha512-NdI9s6LKmkrmIVOo/eW/2VHLcQJE6cmchsuA4i4x+cQhl4rd9sbV7WEwXzUQ0urokzVsswendBsJimzU8p8XTA==",
      "license": "Apache-2.0",
      "peerDependencies": {
        "constructs": "^10"
      }
    },
    "node_modules/constructs": {
      "version": "10.1.43",
      "resolved": "https://registry.npmjs.org/constructs/-/constructs-10.1.43.tgz",
      "integrity": "sha512-I7CEsYPmcsTpmf+tT3DZq5klCzk2d0Gb6X67P5XxYq0an4+JiWrf8/LCIHV3xqOhnGLAbM/aGZ3bigUNTWeliA==",
      "peer": true,
      "engines": {
        "node": ">= 14.17.0"
      }
    }
  },
  "dependencies": {
    "@monadahq/wingsdk": {
      "version": "0.0.5",
      "resolved": "https://npm.pkg.github.com/download/@monadahq/wingsdk/0.0.5/50de9a8b1e09662492c0734fce4771385aa764ec04fd6e8e0dc57d17f4681359",
      "integrity": "sha512-NdI9s6LKmkrmIVOo/eW/2VHLcQJE6cmchsuA4i4x+cQhl4rd9sbV7WEwXzUQ0urokzVsswendBsJimzU8p8XTA==",
      "requires": {}
    },
    "constructs": {
      "version": "10.1.43",
      "resolved": "https://registry.npmjs.org/constructs/-/constructs-10.1.43.tgz",
      "integrity": "sha512-I7CEsYPmcsTpmf+tT3DZq5klCzk2d0Gb6X67P5XxYq0an4+JiWrf8/LCIHV3xqOhnGLAbM/aGZ3bigUNTWeliA==",
      "peer": true
    }
  }
}
