{
  "name": "wing-preflight",
  "lockfileVersion": 2,
  "requires": true,
  "packages": {
    "": {
      "name": "wing-preflight",
      "dependencies": {
        "@monadahq/wingsdk": "^0.0.2"
      }
    },
    "node_modules/@monadahq/wingsdk": {
      "version": "0.0.2",
      "resolved": "https://npm.pkg.github.com/download/@monadahq/wingsdk/0.0.2/a38abee7e5d7340828b0026daf2a55355ebb405ee1dcd9909697947ece8c6af8",
      "integrity": "sha512-MgUZNMnSPXj6iBsWuuJDJUCkm/IeTxevjD8oTTvnCB+JhroIqwSreq3R9ONF9QIY7sBUWkpCc23VPh23JG6+rw==",
      "license": "Apache-2.0",
      "peerDependencies": {
        "constructs": "^10"
      }
    },
    "node_modules/constructs": {
      "version": "10.1.43",
      "resolved": "https://registry.npmjs.org/constructs/-/constructs-10.1.43.tgz",
      "integrity": "sha512-I7CEsYPmcsTpmf+tT3DZq5klCzk2d0Gb6X67P5XxYq0an4+JiWrf8/LCIHV3xqOhnGLAbM/aGZ3bigUNTWeliA==",
      "peer": true,
      "engines": {
        "node": ">= 14.17.0"
      }
    }
  },
  "dependencies": {
    "@monadahq/wingsdk": {
      "version": "0.0.2",
      "resolved": "https://npm.pkg.github.com/download/@monadahq/wingsdk/0.0.2/a38abee7e5d7340828b0026daf2a55355ebb405ee1dcd9909697947ece8c6af8",
      "integrity": "sha512-MgUZNMnSPXj6iBsWuuJDJUCkm/IeTxevjD8oTTvnCB+JhroIqwSreq3R9ONF9QIY7sBUWkpCc23VPh23JG6+rw==",
      "requires": {}
    },
    "constructs": {
      "version": "10.1.43",
      "resolved": "https://registry.npmjs.org/constructs/-/constructs-10.1.43.tgz",
      "integrity": "sha512-I7CEsYPmcsTpmf+tT3DZq5klCzk2d0Gb6X67P5XxYq0an4+JiWrf8/LCIHV3xqOhnGLAbM/aGZ3bigUNTWeliA==",
      "peer": true
    }
  }
}
