{
  "name": "valid",
  "lockfileVersion": 2,
  "requires": true,
  "packages": {
    "": {
      "devDependencies": {
        "cdk-constants": "3.0.3"
      }
    },
    "node_modules/cdk-constants": {
      "version": "3.0.3",
      "resolved": "https://registry.npmjs.org/cdk-constants/-/cdk-constants-3.0.3.tgz",
      "integrity": "sha512-tenkBG3XUQaiT6LCj0cjNhnhSAAiD697oamwXIzZc9JSwg1dqIPUgzFgAzqjuGolBNsqKO8cefsDZm8Aqm/U4Q==",
      "dev": true
    }
  },
  "dependencies": {
    "cdk-constants": {
      "version": "3.0.3",
      "resolved": "https://registry.npmjs.org/cdk-constants/-/cdk-constants-3.0.3.tgz",
      "integrity": "sha512-tenkBG3XUQaiT6LCj0cjNhnhSAAiD697oamwXIzZc9JSwg1dqIPUgzFgAzqjuGolBNsqKO8cefsDZm8Aqm/U4Q==",
      "dev": true
    }
  }
}
